
Microsoft Visual Studio Solution File, Format Version 12.00
# Visual Studio Version 16
VisualStudioVersion = 16.0.31112.23
MinimumVisualStudioVersion = 10.0.40219.1
Project("{9A19103F-16F7-4668-BE54-9A1E7A4F7556}") = "BilicraWork", "BilicraWork\BilicraWork.csproj", "{782F0258-4F11-4ABA-BDF3-B5C6759E073B}"
EndProject
Project("{9A19103F-16F7-4668-BE54-9A1E7A4F7556}") = "Entity", "Entity\Entity.csproj", "{9BA72D84-268F-4BA2-B097-71716855D1FC}"
EndProject
Project("{9A19103F-16F7-4668-BE54-9A1E7A4F7556}") = "Dal", "Dal\Dal.csproj", "{50950CA2-E5C5-4BEE-87E2-E6B244998AB5}"
EndProject
Project("{FAE04EC0-301F-11D3-BF4B-00C04F79EFBC}") = "BLL", "BLL\BLL.csproj", "{F438C025-4717-4BCA-AAFC-4C881125B711}"
EndProject
Global
	GlobalSection(SolutionConfigurationPlatforms) = preSolution
		Debug|Any CPU = Debug|Any CPU
		Release|Any CPU = Release|Any CPU
	EndGlobalSection
	GlobalSection(ProjectConfigurationPlatforms) = postSolution
		{782F0258-4F11-4ABA-BDF3-B5C6759E073B}.Debug|Any CPU.ActiveCfg = Debug|Any CPU
		{782F0258-4F11-4ABA-BDF3-B5C6759E073B}.Debug|Any CPU.Build.0 = Debug|Any CPU
		{782F0258-4F11-4ABA-BDF3-B5C6759E073B}.Release|Any CPU.ActiveCfg = Release|Any CPU
		{782F0258-4F11-4ABA-BDF3-B5C6759E073B}.Release|Any CPU.Build.0 = Release|Any CPU
		{9BA72D84-268F-4BA2-B097-71716855D1FC}.Debug|Any CPU.ActiveCfg = Debug|Any CPU
		{9BA72D84-268F-4BA2-B097-71716855D1FC}.Debug|Any CPU.Build.0 = Debug|Any CPU
		{9BA72D84-268F-4BA2-B097-71716855D1FC}.Release|Any CPU.ActiveCfg = Release|Any CPU
		{9BA72D84-268F-4BA2-B097-71716855D1FC}.Release|Any CPU.Build.0 = Release|Any CPU
		{50950CA2-E5C5-4BEE-87E2-E6B244998AB5}.Debug|Any CPU.ActiveCfg = Debug|Any CPU
		{50950CA2-E5C5-4BEE-87E2-E6B244998AB5}.Debug|Any CPU.Build.0 = Debug|Any CPU
		{50950CA2-E5C5-4BEE-87E2-E6B244998AB5}.Release|Any CPU.ActiveCfg = Release|Any CPU
		{50950CA2-E5C5-4BEE-87E2-E6B244998AB5}.Release|Any CPU.Build.0 = Release|Any CPU
		{F438C025-4717-4BCA-AAFC-4C881125B711}.Debug|Any CPU.ActiveCfg = Debug|Any CPU
		{F438C025-4717-4BCA-AAFC-4C881125B711}.Debug|Any CPU.Build.0 = Debug|Any CPU
		{F438C025-4717-4BCA-AAFC-4C881125B711}.Release|Any CPU.ActiveCfg = Release|Any CPU
		{F438C025-4717-4BCA-AAFC-4C881125B711}.Release|Any CPU.Build.0 = Release|Any CPU
	EndGlobalSection
	GlobalSection(SolutionProperties) = preSolution
		HideSolutionNode = FALSE
	EndGlobalSection
	GlobalSection(ExtensibilityGlobals) = postSolution
		SolutionGuid = {10F066A2-9E3D-49CC-ACD7-520B4A37AE71}
	EndGlobalSection
EndGlobal
